
Microsoft Visual Studio Solution File, Format Version 12.00
# Visual Studio 15
VisualStudioVersion = 15.0.27004.2009
MinimumVisualStudioVersion = 10.0.40219.1
Project("{9A19103F-16F7-4668-BE54-9A1E7A4F7556}") = "Core", "Core\Core.csproj", "{17A2F135-6D2E-4695-88D0-3F57BDE60C64}"
EndProject
Project("{9A19103F-16F7-4668-BE54-9A1E7A4F7556}") = "Entities", "Entities\Entities.csproj", "{7624ECD9-B72F-4C17-AB1D-B2C95B5ABCC2}"
EndProject
Project("{9A19103F-16F7-4668-BE54-9A1E7A4F7556}") = "Common", "Common\Common.csproj", "{AF42FDBD-96C4-4EDB-9993-D9A7B03FFACE}"
EndProject
Project("{9A19103F-16F7-4668-BE54-9A1E7A4F7556}") = "Test", "Test\Test.csproj", "{A724BE98-92FC-43D5-BF9E-248E0ABC5CE5}"
EndProject
Project("{9A19103F-16F7-4668-BE54-9A1E7A4F7556}") = "DataAccess", "DataAccess\DataAccess.csproj", "{EC8672D6-A9C1-485D-AB0E-C8A4B10F672F}"
EndProject
Project("{9A19103F-16F7-4668-BE54-9A1E7A4F7556}") = "Service", "Service\Service.csproj", "{458B1DB1-1729-4138-8635-02A7B9DF295C}"
EndProject
Project("{9A19103F-16F7-4668-BE54-9A1E7A4F7556}") = "Web", "Web\Web.csproj", "{72ADBD40-C79A-4DE9-9FE5-71BD5081C507}"
EndProject
Project("{FAE04EC0-301F-11D3-BF4B-00C04F79EFBC}") = "ConfigurationReader", "ConfigurationReader\ConfigurationReader.csproj", "{FAD513E4-297A-4885-BD7B-2F66A4864687}"
EndProject
Global
	GlobalSection(SolutionConfigurationPlatforms) = preSolution
		Debug|Any CPU = Debug|Any CPU
		Release|Any CPU = Release|Any CPU
	EndGlobalSection
	GlobalSection(ProjectConfigurationPlatforms) = postSolution
		{17A2F135-6D2E-4695-88D0-3F57BDE60C64}.Debug|Any CPU.ActiveCfg = Debug|Any CPU
		{17A2F135-6D2E-4695-88D0-3F57BDE60C64}.Debug|Any CPU.Build.0 = Debug|Any CPU
		{17A2F135-6D2E-4695-88D0-3F57BDE60C64}.Release|Any CPU.ActiveCfg = Release|Any CPU
		{17A2F135-6D2E-4695-88D0-3F57BDE60C64}.Release|Any CPU.Build.0 = Release|Any CPU
		{7624ECD9-B72F-4C17-AB1D-B2C95B5ABCC2}.Debug|Any CPU.ActiveCfg = Debug|Any CPU
		{7624ECD9-B72F-4C17-AB1D-B2C95B5ABCC2}.Debug|Any CPU.Build.0 = Debug|Any CPU
		{7624ECD9-B72F-4C17-AB1D-B2C95B5ABCC2}.Release|Any CPU.ActiveCfg = Release|Any CPU
		{7624ECD9-B72F-4C17-AB1D-B2C95B5ABCC2}.Release|Any CPU.Build.0 = Release|Any CPU
		{AF42FDBD-96C4-4EDB-9993-D9A7B03FFACE}.Debug|Any CPU.ActiveCfg = Debug|Any CPU
		{AF42FDBD-96C4-4EDB-9993-D9A7B03FFACE}.Debug|Any CPU.Build.0 = Debug|Any CPU
		{AF42FDBD-96C4-4EDB-9993-D9A7B03FFACE}.Release|Any CPU.ActiveCfg = Release|Any CPU
		{AF42FDBD-96C4-4EDB-9993-D9A7B03FFACE}.Release|Any CPU.Build.0 = Release|Any CPU
		{A724BE98-92FC-43D5-BF9E-248E0ABC5CE5}.Debug|Any CPU.ActiveCfg = Debug|Any CPU
		{A724BE98-92FC-43D5-BF9E-248E0ABC5CE5}.Debug|Any CPU.Build.0 = Debug|Any CPU
		{A724BE98-92FC-43D5-BF9E-248E0ABC5CE5}.Release|Any CPU.ActiveCfg = Release|Any CPU
		{A724BE98-92FC-43D5-BF9E-248E0ABC5CE5}.Release|Any CPU.Build.0 = Release|Any CPU
		{EC8672D6-A9C1-485D-AB0E-C8A4B10F672F}.Debug|Any CPU.ActiveCfg = Debug|Any CPU
		{EC8672D6-A9C1-485D-AB0E-C8A4B10F672F}.Debug|Any CPU.Build.0 = Debug|Any CPU
		{EC8672D6-A9C1-485D-AB0E-C8A4B10F672F}.Release|Any CPU.ActiveCfg = Release|Any CPU
		{EC8672D6-A9C1-485D-AB0E-C8A4B10F672F}.Release|Any CPU.Build.0 = Release|Any CPU
		{458B1DB1-1729-4138-8635-02A7B9DF295C}.Debug|Any CPU.ActiveCfg = Debug|Any CPU
		{458B1DB1-1729-4138-8635-02A7B9DF295C}.Debug|Any CPU.Build.0 = Debug|Any CPU
		{458B1DB1-1729-4138-8635-02A7B9DF295C}.Release|Any CPU.ActiveCfg = Release|Any CPU
		{458B1DB1-1729-4138-8635-02A7B9DF295C}.Release|Any CPU.Build.0 = Release|Any CPU
		{72ADBD40-C79A-4DE9-9FE5-71BD5081C507}.Debug|Any CPU.ActiveCfg = Debug|Any CPU
		{72ADBD40-C79A-4DE9-9FE5-71BD5081C507}.Debug|Any CPU.Build.0 = Debug|Any CPU
		{72ADBD40-C79A-4DE9-9FE5-71BD5081C507}.Release|Any CPU.ActiveCfg = Release|Any CPU
		{72ADBD40-C79A-4DE9-9FE5-71BD5081C507}.Release|Any CPU.Build.0 = Release|Any CPU
		{FAD513E4-297A-4885-BD7B-2F66A4864687}.Debug|Any CPU.ActiveCfg = Debug|Any CPU
		{FAD513E4-297A-4885-BD7B-2F66A4864687}.Debug|Any CPU.Build.0 = Debug|Any CPU
		{FAD513E4-297A-4885-BD7B-2F66A4864687}.Release|Any CPU.ActiveCfg = Release|Any CPU
		{FAD513E4-297A-4885-BD7B-2F66A4864687}.Release|Any CPU.Build.0 = Release|Any CPU
	EndGlobalSection
	GlobalSection(SolutionProperties) = preSolution
		HideSolutionNode = FALSE
	EndGlobalSection
	GlobalSection(ExtensibilityGlobals) = postSolution
		SolutionGuid = {28319414-2C04-4E20-BBEC-0FA556A8492E}
	EndGlobalSection
EndGlobal
